
Microsoft Visual Studio Solution File, Format Version 12.00
# Visual Studio Version 17
VisualStudioVersion = 17.2.32519.379
MinimumVisualStudioVersion = 10.0.40219.1
Project("{FAE04EC0-301F-11D3-BF4B-00C04F79EFBC}") = "MAH.Essentials", "MAH.Essentials\MAH.Essentials.csproj", "{795E7B04-FC92-4E3E-A5A8-8AE2FC25D592}"
EndProject
Project("{FAE04EC0-301F-11D3-BF4B-00C04F79EFBC}") = "MAH.Essentials.ConsoleTester", "MAH.Essentials.ConsoleTester\MAH.Essentials.ConsoleTester.csproj", "{0261E9CA-71D0-4EE9-97ED-00243508050F}"
EndProject
Project("{FAE04EC0-301F-11D3-BF4B-00C04F79EFBC}") = "MAH.Essentials.Tests", "MAH.Essentials.Tests\MAH.Essentials.Tests.csproj", "{9B7A6321-EF89-42FD-BA1F-CBC6E560B338}"
EndProject
Global
	GlobalSection(SolutionConfigurationPlatforms) = preSolution
		Debug|Any CPU = Debug|Any CPU
		Release|Any CPU = Release|Any CPU
	EndGlobalSection
	GlobalSection(ProjectConfigurationPlatforms) = postSolution
		{795E7B04-FC92-4E3E-A5A8-8AE2FC25D592}.Debug|Any CPU.ActiveCfg = Debug|Any CPU
		{795E7B04-FC92-4E3E-A5A8-8AE2FC25D592}.Debug|Any CPU.Build.0 = Debug|Any CPU
		{795E7B04-FC92-4E3E-A5A8-8AE2FC25D592}.Release|Any CPU.ActiveCfg = Release|Any CPU
		{795E7B04-FC92-4E3E-A5A8-8AE2FC25D592}.Release|Any CPU.Build.0 = Release|Any CPU
		{0261E9CA-71D0-4EE9-97ED-00243508050F}.Debug|Any CPU.ActiveCfg = Debug|Any CPU
		{0261E9CA-71D0-4EE9-97ED-00243508050F}.Debug|Any CPU.Build.0 = Debug|Any CPU
		{0261E9CA-71D0-4EE9-97ED-00243508050F}.Release|Any CPU.ActiveCfg = Release|Any CPU
		{0261E9CA-71D0-4EE9-97ED-00243508050F}.Release|Any CPU.Build.0 = Release|Any CPU
		{9B7A6321-EF89-42FD-BA1F-CBC6E560B338}.Debug|Any CPU.ActiveCfg = Debug|Any CPU
		{9B7A6321-EF89-42FD-BA1F-CBC6E560B338}.Debug|Any CPU.Build.0 = Debug|Any CPU
		{9B7A6321-EF89-42FD-BA1F-CBC6E560B338}.Release|Any CPU.ActiveCfg = Release|Any CPU
		{9B7A6321-EF89-42FD-BA1F-CBC6E560B338}.Release|Any CPU.Build.0 = Release|Any CPU
	EndGlobalSection
	GlobalSection(SolutionProperties) = preSolution
		HideSolutionNode = FALSE
	EndGlobalSection
	GlobalSection(ExtensibilityGlobals) = postSolution
		SolutionGuid = {CD916AE3-B124-4B91-8F0F-A482D73E3676}
	EndGlobalSection
EndGlobal
